
Microsoft Visual Studio Solution File, Format Version 12.00
# Visual Studio Version 16
VisualStudioVersion = 16.0.31025.194
MinimumVisualStudioVersion = 10.0.40219.1
Project("{FAE04EC0-301F-11D3-BF4B-00C04F79EFBC}") = "GtaLib", "GtaLib\GtaLib.csproj", "{FD75D478-C1FA-4272-B952-FA12437F9770}"
EndProject
Project("{FAE04EC0-301F-11D3-BF4B-00C04F79EFBC}") = "RenderWareLib", "RenderWareLib\RenderWareLib.csproj", "{3C611B0F-5479-4291-AF11-C8F9696AFADA}"
EndProject
Project("{FAE04EC0-301F-11D3-BF4B-00C04F79EFBC}") = "Demo", "Demo\Demo.csproj", "{47D0A0CA-E7B7-4432-B451-108E22374F7B}"
EndProject
Global
	GlobalSection(SolutionConfigurationPlatforms) = preSolution
		Debug|Any CPU = Debug|Any CPU
		Release|Any CPU = Release|Any CPU
	EndGlobalSection
	GlobalSection(ProjectConfigurationPlatforms) = postSolution
		{FD75D478-C1FA-4272-B952-FA12437F9770}.Debug|Any CPU.ActiveCfg = Debug|Any CPU
		{FD75D478-C1FA-4272-B952-FA12437F9770}.Debug|Any CPU.Build.0 = Debug|Any CPU
		{FD75D478-C1FA-4272-B952-FA12437F9770}.Release|Any CPU.ActiveCfg = Release|Any CPU
		{FD75D478-C1FA-4272-B952-FA12437F9770}.Release|Any CPU.Build.0 = Release|Any CPU
		{3C611B0F-5479-4291-AF11-C8F9696AFADA}.Debug|Any CPU.ActiveCfg = Debug|Any CPU
		{3C611B0F-5479-4291-AF11-C8F9696AFADA}.Debug|Any CPU.Build.0 = Debug|Any CPU
		{3C611B0F-5479-4291-AF11-C8F9696AFADA}.Release|Any CPU.ActiveCfg = Release|Any CPU
		{3C611B0F-5479-4291-AF11-C8F9696AFADA}.Release|Any CPU.Build.0 = Release|Any CPU
		{47D0A0CA-E7B7-4432-B451-108E22374F7B}.Debug|Any CPU.ActiveCfg = Debug|Any CPU
		{47D0A0CA-E7B7-4432-B451-108E22374F7B}.Debug|Any CPU.Build.0 = Debug|Any CPU
		{47D0A0CA-E7B7-4432-B451-108E22374F7B}.Release|Any CPU.ActiveCfg = Release|Any CPU
		{47D0A0CA-E7B7-4432-B451-108E22374F7B}.Release|Any CPU.Build.0 = Release|Any CPU
	EndGlobalSection
	GlobalSection(SolutionProperties) = preSolution
		HideSolutionNode = FALSE
	EndGlobalSection
	GlobalSection(ExtensibilityGlobals) = postSolution
		SolutionGuid = {7C066CCF-DA56-42D0-8907-58B424345C94}
	EndGlobalSection
EndGlobal
